
Microsoft Visual Studio Solution File, Format Version 12.00
# Visual Studio Version 16
VisualStudioVersion = 16.0.31515.178
MinimumVisualStudioVersion = 10.0.40219.1
Project("{FAE04EC0-301F-11D3-BF4B-00C04F79EFBC}") = "Joey Gheller 4CII Esercizi Delegates e Eventi", "Joey Gheller 4CII Esercizi Delegates e Eventi\Joey Gheller 4CII Esercizi Delegates e Eventi.csproj", "{4EAF0583-D3CC-4E2A-AC42-2ED60B7EBC36}"
EndProject
Global
	GlobalSection(SolutionConfigurationPlatforms) = preSolution
		Debug|Any CPU = Debug|Any CPU
		Release|Any CPU = Release|Any CPU
	EndGlobalSection
	GlobalSection(ProjectConfigurationPlatforms) = postSolution
		{4EAF0583-D3CC-4E2A-AC42-2ED60B7EBC36}.Debug|Any CPU.ActiveCfg = Debug|Any CPU
		{4EAF0583-D3CC-4E2A-AC42-2ED60B7EBC36}.Debug|Any CPU.Build.0 = Debug|Any CPU
		{4EAF0583-D3CC-4E2A-AC42-2ED60B7EBC36}.Release|Any CPU.ActiveCfg = Release|Any CPU
		{4EAF0583-D3CC-4E2A-AC42-2ED60B7EBC36}.Release|Any CPU.Build.0 = Release|Any CPU
	EndGlobalSection
	GlobalSection(SolutionProperties) = preSolution
		HideSolutionNode = FALSE
	EndGlobalSection
	GlobalSection(ExtensibilityGlobals) = postSolution
		SolutionGuid = {7503A4DD-57DB-4F5A-B49C-4BD87F4734B0}
	EndGlobalSection
EndGlobal
